
Microsoft Visual Studio Solution File, Format Version 12.00
# Visual Studio Version 16
VisualStudioVersion = 16.0.31624.102
MinimumVisualStudioVersion = 10.0.40219.1
Project("{FAE04EC0-301F-11D3-BF4B-00C04F79EFBC}") = "part 1", "part 1\part 1.csproj", "{9E5C75B6-26E7-4FA0-8576-78A05E724054}"
EndProject
Global
	GlobalSection(SolutionConfigurationPlatforms) = preSolution
		Debug|Any CPU = Debug|Any CPU
		Release|Any CPU = Release|Any CPU
	EndGlobalSection
	GlobalSection(ProjectConfigurationPlatforms) = postSolution
		{9E5C75B6-26E7-4FA0-8576-78A05E724054}.Debug|Any CPU.ActiveCfg = Debug|Any CPU
		{9E5C75B6-26E7-4FA0-8576-78A05E724054}.Debug|Any CPU.Build.0 = Debug|Any CPU
		{9E5C75B6-26E7-4FA0-8576-78A05E724054}.Release|Any CPU.ActiveCfg = Release|Any CPU
		{9E5C75B6-26E7-4FA0-8576-78A05E724054}.Release|Any CPU.Build.0 = Release|Any CPU
	EndGlobalSection
	GlobalSection(SolutionProperties) = preSolution
		HideSolutionNode = FALSE
	EndGlobalSection
	GlobalSection(ExtensibilityGlobals) = postSolution
		SolutionGuid = {F29A5CF2-DE50-4FC8-B47B-4F77A67D204B}
	EndGlobalSection
EndGlobal
