
Microsoft Visual Studio Solution File, Format Version 12.00
# Visual Studio Version 16
VisualStudioVersion = 16.0.29418.71
MinimumVisualStudioVersion = 10.0.40219.1
Project("{FAE04EC0-301F-11D3-BF4B-00C04F79EFBC}") = "RegExp", "RegExp\RegExp.csproj", "{98ED25EA-0C79-4A5F-B656-5F7529DB048B}"
EndProject
Global
	GlobalSection(SolutionConfigurationPlatforms) = preSolution
		Debug|Any CPU = Debug|Any CPU
		Release|Any CPU = Release|Any CPU
	EndGlobalSection
	GlobalSection(ProjectConfigurationPlatforms) = postSolution
		{98ED25EA-0C79-4A5F-B656-5F7529DB048B}.Debug|Any CPU.ActiveCfg = Debug|Any CPU
		{98ED25EA-0C79-4A5F-B656-5F7529DB048B}.Debug|Any CPU.Build.0 = Debug|Any CPU
		{98ED25EA-0C79-4A5F-B656-5F7529DB048B}.Release|Any CPU.ActiveCfg = Release|Any CPU
		{98ED25EA-0C79-4A5F-B656-5F7529DB048B}.Release|Any CPU.Build.0 = Release|Any CPU
	EndGlobalSection
	GlobalSection(SolutionProperties) = preSolution
		HideSolutionNode = FALSE
	EndGlobalSection
	GlobalSection(ExtensibilityGlobals) = postSolution
		SolutionGuid = {6B3DBC40-46F1-442C-BE63-4D0748C477C5}
	EndGlobalSection
EndGlobal
