
Microsoft Visual Studio Solution File, Format Version 12.00
# Visual Studio Version 16
VisualStudioVersion = 16.0.31702.278
MinimumVisualStudioVersion = 10.0.40219.1
Project("{FAE04EC0-301F-11D3-BF4B-00C04F79EFBC}") = "Printing", "Printing\Printing.csproj", "{78377665-F8A2-4016-A2A1-471C1C04A4DC}"
EndProject
Global
	GlobalSection(SolutionConfigurationPlatforms) = preSolution
		Debug|Any CPU = Debug|Any CPU
		Release|Any CPU = Release|Any CPU
	EndGlobalSection
	GlobalSection(ProjectConfigurationPlatforms) = postSolution
		{78377665-F8A2-4016-A2A1-471C1C04A4DC}.Debug|Any CPU.ActiveCfg = Debug|Any CPU
		{78377665-F8A2-4016-A2A1-471C1C04A4DC}.Debug|Any CPU.Build.0 = Debug|Any CPU
		{78377665-F8A2-4016-A2A1-471C1C04A4DC}.Release|Any CPU.ActiveCfg = Release|Any CPU
		{78377665-F8A2-4016-A2A1-471C1C04A4DC}.Release|Any CPU.Build.0 = Release|Any CPU
	EndGlobalSection
	GlobalSection(SolutionProperties) = preSolution
		HideSolutionNode = FALSE
	EndGlobalSection
	GlobalSection(ExtensibilityGlobals) = postSolution
		SolutionGuid = {D8894A8F-199D-408B-8ABC-8130718E0C15}
	EndGlobalSection
EndGlobal
