
Microsoft Visual Studio Solution File, Format Version 12.00
# Visual Studio Version 16
VisualStudioVersion = 16.0.31702.278
MinimumVisualStudioVersion = 10.0.40219.1
Project("{FAE04EC0-301F-11D3-BF4B-00C04F79EFBC}") = "InsuranceClassLibrary", "InsuranceClassLibrary\InsuranceClassLibrary.csproj", "{C56A3135-89BB-45F8-B6C7-9C39CD12D568}"
EndProject
Project("{9A19103F-16F7-4668-BE54-9A1E7A4F7556}") = "WinFormApp", "WinFormApp\WinFormApp.csproj", "{27E682E3-EF82-49D0-9750-1CF914AA138E}"
	ProjectSection(ProjectDependencies) = postProject
		{C56A3135-89BB-45F8-B6C7-9C39CD12D568} = {C56A3135-89BB-45F8-B6C7-9C39CD12D568}
		{D93A3E38-EBCF-46A6-A33A-4DFE4584560D} = {D93A3E38-EBCF-46A6-A33A-4DFE4584560D}
	EndProjectSection
EndProject
Project("{FAE04EC0-301F-11D3-BF4B-00C04F79EFBC}") = "WindowsFormsControlLibraryInsurance1", "WindowsFormsControlLibraryInsurance1\WindowsFormsControlLibraryInsurance1.csproj", "{D93A3E38-EBCF-46A6-A33A-4DFE4584560D}"
EndProject
Global
	GlobalSection(SolutionConfigurationPlatforms) = preSolution
		Debug|Any CPU = Debug|Any CPU
		Release|Any CPU = Release|Any CPU
	EndGlobalSection
	GlobalSection(ProjectConfigurationPlatforms) = postSolution
		{C56A3135-89BB-45F8-B6C7-9C39CD12D568}.Debug|Any CPU.ActiveCfg = Debug|Any CPU
		{C56A3135-89BB-45F8-B6C7-9C39CD12D568}.Debug|Any CPU.Build.0 = Debug|Any CPU
		{C56A3135-89BB-45F8-B6C7-9C39CD12D568}.Release|Any CPU.ActiveCfg = Release|Any CPU
		{C56A3135-89BB-45F8-B6C7-9C39CD12D568}.Release|Any CPU.Build.0 = Release|Any CPU
		{27E682E3-EF82-49D0-9750-1CF914AA138E}.Debug|Any CPU.ActiveCfg = Debug|Any CPU
		{27E682E3-EF82-49D0-9750-1CF914AA138E}.Debug|Any CPU.Build.0 = Debug|Any CPU
		{27E682E3-EF82-49D0-9750-1CF914AA138E}.Release|Any CPU.ActiveCfg = Release|Any CPU
		{27E682E3-EF82-49D0-9750-1CF914AA138E}.Release|Any CPU.Build.0 = Release|Any CPU
		{D93A3E38-EBCF-46A6-A33A-4DFE4584560D}.Debug|Any CPU.ActiveCfg = Debug|Any CPU
		{D93A3E38-EBCF-46A6-A33A-4DFE4584560D}.Debug|Any CPU.Build.0 = Debug|Any CPU
		{D93A3E38-EBCF-46A6-A33A-4DFE4584560D}.Release|Any CPU.ActiveCfg = Release|Any CPU
		{D93A3E38-EBCF-46A6-A33A-4DFE4584560D}.Release|Any CPU.Build.0 = Release|Any CPU
	EndGlobalSection
	GlobalSection(SolutionProperties) = preSolution
		HideSolutionNode = FALSE
	EndGlobalSection
	GlobalSection(ExtensibilityGlobals) = postSolution
		SolutionGuid = {E8775DB5-CA88-4BCD-98DB-BE87AE41647C}
	EndGlobalSection
EndGlobal
